// !$*UTF8*$!
{
	archiveVersion = 1;
	classes = {
	};
	objectVersion = 56;
	objects = {

/* Begin PBXBuildFile section */
		081BAA4B2B8E10DC00EAC134 /* ResoluteApp.swift in Sources */ = {isa = PBXBuildFile; fileRef = 081BAA4A2B8E10DC00EAC134 /* ResoluteApp.swift */; };
		081BAA4F2B8E10DD00EAC134 /* Assets.xcassets in Resources */ = {isa = PBXBuildFile; fileRef = 081BAA4E2B8E10DD00EAC134 /* Assets.xcassets */; };
		081BAA522B8E10DD00EAC134 /* Preview Assets.xcassets in Resources */ = {isa = PBXBuildFile; fileRef = 081BAA512B8E10DD00EAC134 /* Preview Assets.xcassets */; };
		081BAA5A2B8E137900EAC134 /* NSScreen.swift in Sources */ = {isa = PBXBuildFile; fileRef = 081BAA592B8E137900EAC134 /* NSScreen.swift */; };
		081BAA5C2B8E139800EAC134 /* ScreenMenus.swift in Sources */ = {isa = PBXBuildFile; fileRef = 081BAA5B2B8E139800EAC134 /* ScreenMenus.swift */; };
		081BAA602B8E155F00EAC134 /* ScreenItems.swift in Sources */ = {isa = PBXBuildFile; fileRef = 081BAA5F2B8E155F00EAC134 /* ScreenItems.swift */; };
		081BAA682B8E21AF00EAC134 /* ScreenMode.swift in Sources */ = {isa = PBXBuildFile; fileRef = 081BAA672B8E21AF00EAC134 /* ScreenMode.swift */; };
		081BAA6A2B8E320900EAC134 /* MainMenu.swift in Sources */ = {isa = PBXBuildFile; fileRef = 081BAA692B8E320900EAC134 /* MainMenu.swift */; };
/* End PBXBuildFile section */

/* Begin PBXFileReference section */
		081BAA472B8E10DC00EAC134 /* Resolute.app */ = {isa = PBXFileReference; explicitFileType = wrapper.application; includeInIndex = 0; path = Resolute.app; sourceTree = BUILT_PRODUCTS_DIR; };
		081BAA4A2B8E10DC00EAC134 /* ResoluteApp.swift */ = {isa = PBXFileReference; lastKnownFileType = sourcecode.swift; path = ResoluteApp.swift; sourceTree = "<group>"; };
		081BAA4E2B8E10DD00EAC134 /* Assets.xcassets */ = {isa = PBXFileReference; lastKnownFileType = folder.assetcatalog; path = Assets.xcassets; sourceTree = "<group>"; };
		081BAA512B8E10DD00EAC134 /* Preview Assets.xcassets */ = {isa = PBXFileReference; lastKnownFileType = folder.assetcatalog; path = "Preview Assets.xcassets"; sourceTree = "<group>"; };
		081BAA532B8E10DD00EAC134 /* Resolute.entitlements */ = {isa = PBXFileReference; lastKnownFileType = text.plist.entitlements; path = Resolute.entitlements; sourceTree = "<group>"; };
		081BAA592B8E137900EAC134 /* NSScreen.swift */ = {isa = PBXFileReference; fileEncoding = 4; lastKnownFileType = sourcecode.swift; path = NSScreen.swift; sourceTree = "<group>"; };
		081BAA5B2B8E139800EAC134 /* ScreenMenus.swift */ = {isa = PBXFileReference; lastKnownFileType = sourcecode.swift; path = ScreenMenus.swift; sourceTree = "<group>"; };
		081BAA5F2B8E155F00EAC134 /* ScreenItems.swift */ = {isa = PBXFileReference; lastKnownFileType = sourcecode.swift; path = ScreenItems.swift; sourceTree = "<group>"; };
		081BAA672B8E21AF00EAC134 /* ScreenMode.swift */ = {isa = PBXFileReference; lastKnownFileType = sourcecode.swift; path = ScreenMode.swift; sourceTree = "<group>"; };
		081BAA692B8E320900EAC134 /* MainMenu.swift */ = {isa = PBXFileReference; lastKnownFileType = sourcecode.swift; path = MainMenu.swift; sourceTree = "<group>"; };
/* End PBXFileReference section */

/* Begin PBXFrameworksBuildPhase section */
		081BAA442B8E10DC00EAC134 /* Frameworks */ = {
			isa = PBXFrameworksBuildPhase;
			buildActionMask = 2147483647;
			files = (
			);
			runOnlyForDeploymentPostprocessing = 0;
		};
/* End PBXFrameworksBuildPhase section */

/* Begin PBXGroup section */
		081BAA3E2B8E10DC00EAC134 = {
			isa = PBXGroup;
			children = (
				081BAA492B8E10DC00EAC134 /* Resolute */,
				081BAA482B8E10DC00EAC134 /* Products */,
			);
			sourceTree = "<group>";
		};
		081BAA482B8E10DC00EAC134 /* Products */ = {
			isa = PBXGroup;
			children = (
				081BAA472B8E10DC00EAC134 /* Resolute.app */,
			);
			name = Products;
			sourceTree = "<group>";
		};
		081BAA492B8E10DC00EAC134 /* Resolute */ = {
			isa = PBXGroup;
			children = (
				081BAA4A2B8E10DC00EAC134 /* ResoluteApp.swift */,
				081BAA692B8E320900EAC134 /* MainMenu.swift */,
				081BAA5B2B8E139800EAC134 /* ScreenMenus.swift */,
				081BAA5F2B8E155F00EAC134 /* ScreenItems.swift */,
				081BAA592B8E137900EAC134 /* NSScreen.swift */,
				081BAA672B8E21AF00EAC134 /* ScreenMode.swift */,
				081BAA4E2B8E10DD00EAC134 /* Assets.xcassets */,
				081BAA532B8E10DD00EAC134 /* Resolute.entitlements */,
				081BAA502B8E10DD00EAC134 /* Preview Content */,
			);
			path = Resolute;
			sourceTree = "<group>";
		};
		081BAA502B8E10DD00EAC134 /* Preview Content */ = {
			isa = PBXGroup;
			children = (
				081BAA512B8E10DD00EAC134 /* Preview Assets.xcassets */,
			);
			path = "Preview Content";
			sourceTree = "<group>";
		};
/* End PBXGroup section */

/* Begin PBXNativeTarget section */
		081BAA462B8E10DC00EAC134 /* Resolute */ = {
			isa = PBXNativeTarget;
			buildConfigurationList = 081BAA562B8E10DD00EAC134 /* Build configuration list for PBXNativeTarget "Resolute" */;
			buildPhases = (
				081BAA432B8E10DC00EAC134 /* Sources */,
				081BAA442B8E10DC00EAC134 /* Frameworks */,
				081BAA452B8E10DC00EAC134 /* Resources */,
			);
			buildRules = (
			);
			dependencies = (
			);
			name = Resolute;
			productName = Resolute;
			productReference = 081BAA472B8E10DC00EAC134 /* Resolute.app */;
			productType = "com.apple.product-type.application";
		};
/* End PBXNativeTarget section */

/* Begin PBXProject section */
		081BAA3F2B8E10DC00EAC134 /* Project object */ = {
			isa = PBXProject;
			attributes = {
				BuildIndependentTargetsInParallel = 1;
				LastSwiftUpdateCheck = 1520;
				LastUpgradeCheck = 1520;
				TargetAttributes = {
					081BAA462B8E10DC00EAC134 = {
						CreatedOnToolsVersion = 15.2;
					};
				};
			};
			buildConfigurationList = 081BAA422B8E10DC00EAC134 /* Build configuration list for PBXProject "Resolute" */;
			compatibilityVersion = "Xcode 14.0";
			developmentRegion = en;
			hasScannedForEncodings = 0;
			knownRegions = (
				en,
				Base,
			);
			mainGroup = 081BAA3E2B8E10DC00EAC134;
			productRefGroup = 081BAA482B8E10DC00EAC134 /* Products */;
			projectDirPath = "";
			projectRoot = "";
			targets = (
				081BAA462B8E10DC00EAC134 /* Resolute */,
			);
		};
/* End PBXProject section */

/* Begin PBXResourcesBuildPhase section */
		081BAA452B8E10DC00EAC134 /* Resources */ = {
			isa = PBXResourcesBuildPhase;
			buildActionMask = 2147483647;
			files = (
				081BAA522B8E10DD00EAC134 /* Preview Assets.xcassets in Resources */,
				081BAA4F2B8E10DD00EAC134 /* Assets.xcassets in Resources */,
			);
			runOnlyForDeploymentPostprocessing = 0;
		};
/* End PBXResourcesBuildPhase section */

/* Begin PBXSourcesBuildPhase section */
		081BAA432B8E10DC00EAC134 /* Sources */ = {
			isa = PBXSourcesBuildPhase;
			buildActionMask = 2147483647;
			files = (
				081BAA5A2B8E137900EAC134 /* NSScreen.swift in Sources */,
				081BAA6A2B8E320900EAC134 /* MainMenu.swift in Sources */,
				081BAA602B8E155F00EAC134 /* ScreenItems.swift in Sources */,
				081BAA5C2B8E139800EAC134 /* ScreenMenus.swift in Sources */,
				081BAA4B2B8E10DC00EAC134 /* ResoluteApp.swift in Sources */,
				081BAA682B8E21AF00EAC134 /* ScreenMode.swift in Sources */,
			);
			runOnlyForDeploymentPostprocessing = 0;
		};
/* End PBXSourcesBuildPhase section */

/* Begin XCBuildConfiguration section */
		081BAA542B8E10DD00EAC134 /* Debug */ = {
			isa = XCBuildConfiguration;
			buildSettings = {
				ALWAYS_SEARCH_USER_PATHS = NO;
				ASSETCATALOG_COMPILER_GENERATE_SWIFT_ASSET_SYMBOL_EXTENSIONS = YES;
				CLANG_ANALYZER_NONNULL = YES;
				CLANG_ANALYZER_NUMBER_OBJECT_CONVERSION = YES_AGGRESSIVE;
				CLANG_CXX_LANGUAGE_STANDARD = "gnu++20";
				CLANG_ENABLE_MODULES = YES;
				CLANG_ENABLE_OBJC_ARC = YES;
				CLANG_ENABLE_OBJC_WEAK = YES;
				CLANG_WARN_BLOCK_CAPTURE_AUTORELEASING = YES;
				CLANG_WARN_BOOL_CONVERSION = YES;
				CLANG_WARN_COMMA = YES;
				CLANG_WARN_CONSTANT_CONVERSION = YES;
				CLANG_WARN_DEPRECATED_OBJC_IMPLEMENTATIONS = YES;
				CLANG_WARN_DIRECT_OBJC_ISA_USAGE = YES_ERROR;
				CLANG_WARN_DOCUMENTATION_COMMENTS = YES;
				CLANG_WARN_EMPTY_BODY = YES;
				CLANG_WARN_ENUM_CONVERSION = YES;
				CLANG_WARN_INFINITE_RECURSION = YES;
				CLANG_WARN_INT_CONVERSION = YES;
				CLANG_WARN_NON_LITERAL_NULL_CONVERSION = YES;
				CLANG_WARN_OBJC_IMPLICIT_RETAIN_SELF = YES;
				CLANG_WARN_OBJC_LITERAL_CONVERSION = YES;
				CLANG_WARN_OBJC_ROOT_CLASS = YES_ERROR;
				CLANG_WARN_QUOTED_INCLUDE_IN_FRAMEWORK_HEADER = YES;
				CLANG_WARN_RANGE_LOOP_ANALYSIS = YES;
				CLANG_WARN_STRICT_PROTOTYPES = YES;
				CLANG_WARN_SUSPICIOUS_MOVE = YES;
				CLANG_WARN_UNGUARDED_AVAILABILITY = YES_AGGRESSIVE;
				CLANG_WARN_UNREACHABLE_CODE = YES;
				CLANG_WARN__DUPLICATE_METHOD_MATCH = YES;
				COPY_PHASE_STRIP = NO;
				DEBUG_INFORMATION_FORMAT = dwarf;
				ENABLE_STRICT_OBJC_MSGSEND = YES;
				ENABLE_TESTABILITY = YES;
				ENABLE_USER_SCRIPT_SANDBOXING = YES;
				GCC_C_LANGUAGE_STANDARD = gnu17;
				GCC_DYNAMIC_NO_PIC = NO;
				GCC_NO_COMMON_BLOCKS = YES;
				GCC_OPTIMIZATION_LEVEL = 0;
				GCC_PREPROCESSOR_DEFINITIONS = (
					"DEBUG=1",
					"$(inherited)",
				);
				GCC_WARN_64_TO_32_BIT_CONVERSION = YES;
				GCC_WARN_ABOUT_RETURN_TYPE = YES_ERROR;
				GCC_WARN_UNDECLARED_SELECTOR = YES;
				GCC_WARN_UNINITIALIZED_AUTOS = YES_AGGRESSIVE;
				GCC_WARN_UNUSED_FUNCTION = YES;
				GCC_WARN_UNUSED_VARIABLE = YES;
				LOCALIZATION_PREFERS_STRING_CATALOGS = YES;
				MACOSX_DEPLOYMENT_TARGET = 14.2;
				MTL_ENABLE_DEBUG_INFO = INCLUDE_SOURCE;
				MTL_FAST_MATH = YES;
				ONLY_ACTIVE_ARCH = YES;
				SDKROOT = macosx;
				SWIFT_ACTIVE_COMPILATION_CONDITIONS = "DEBUG $(inherited)";
				SWIFT_OPTIMIZATION_LEVEL = "-Onone";
			};
			name = Debug;
		};
		081BAA552B8E10DD00EAC134 /* Release */ = {
			isa = XCBuildConfiguration;
			buildSettings = {
				ALWAYS_SEARCH_USER_PATHS = NO;
				ASSETCATALOG_COMPILER_GENERATE_SWIFT_ASSET_SYMBOL_EXTENSIONS = YES;
				CLANG_ANALYZER_NONNULL = YES;
				CLANG_ANALYZER_NUMBER_OBJECT_CONVERSION = YES_AGGRESSIVE;
				CLANG_CXX_LANGUAGE_STANDARD = "gnu++20";
				CLANG_ENABLE_MODULES = YES;
				CLANG_ENABLE_OBJC_ARC = YES;
				CLANG_ENABLE_OBJC_WEAK = YES;
				CLANG_WARN_BLOCK_CAPTURE_AUTORELEASING = YES;
				CLANG_WARN_BOOL_CONVERSION = YES;
				CLANG_WARN_COMMA = YES;
				CLANG_WARN_CONSTANT_CONVERSION = YES;
				CLANG_WARN_DEPRECATED_OBJC_IMPLEMENTATIONS = YES;
				CLANG_WARN_DIRECT_OBJC_ISA_USAGE = YES_ERROR;
				CLANG_WARN_DOCUMENTATION_COMMENTS = YES;
				CLANG_WARN_EMPTY_BODY = YES;
				CLANG_WARN_ENUM_CONVERSION = YES;
				CLANG_WARN_INFINITE_RECURSION = YES;
				CLANG_WARN_INT_CONVERSION = YES;
				CLANG_WARN_NON_LITERAL_NULL_CONVERSION = YES;
				CLANG_WARN_OBJC_IMPLICIT_RETAIN_SELF = YES;
				CLANG_WARN_OBJC_LITERAL_CONVERSION = YES;
				CLANG_WARN_OBJC_ROOT_CLASS = YES_ERROR;
				CLANG_WARN_QUOTED_INCLUDE_IN_FRAMEWORK_HEADER = YES;
				CLANG_WARN_RANGE_LOOP_ANALYSIS = YES;
				CLANG_WARN_STRICT_PROTOTYPES = YES;
				CLANG_WARN_SUSPICIOUS_MOVE = YES;
				CLANG_WARN_UNGUARDED_AVAILABILITY = YES_AGGRESSIVE;
				CLANG_WARN_UNREACHABLE_CODE = YES;
				CLANG_WARN__DUPLICATE_METHOD_MATCH = YES;
				COPY_PHASE_STRIP = NO;
				DEBUG_INFORMATION_FORMAT = "dwarf-with-dsym";
				ENABLE_NS_ASSERTIONS = NO;
				ENABLE_STRICT_OBJC_MSGSEND = YES;
				ENABLE_USER_SCRIPT_SANDBOXING = YES;
				GCC_C_LANGUAGE_STANDARD = gnu17;
				GCC_NO_COMMON_BLOCKS = YES;
				GCC_WARN_64_TO_32_BIT_CONVERSION = YES;
				GCC_WARN_ABOUT_RETURN_TYPE = YES_ERROR;
				GCC_WARN_UNDECLARED_SELECTOR = YES;
				GCC_WARN_UNINITIALIZED_AUTOS = YES_AGGRESSIVE;
				GCC_WARN_UNUSED_FUNCTION = YES;
				GCC_WARN_UNUSED_VARIABLE = YES;
				LOCALIZATION_PREFERS_STRING_CATALOGS = YES;
				MACOSX_DEPLOYMENT_TARGET = 14.2;
				MTL_ENABLE_DEBUG_INFO = NO;
				MTL_FAST_MATH = YES;
				SDKROOT = macosx;
				SWIFT_COMPILATION_MODE = wholemodule;
			};
			name = Release;
		};
		081BAA572B8E10DD00EAC134 /* Debug */ = {
			isa = XCBuildConfiguration;
			buildSettings = {
				ASSETCATALOG_COMPILER_APPICON_NAME = AppIcon;
				ASSETCATALOG_COMPILER_GLOBAL_ACCENT_COLOR_NAME = AccentColor;
				CODE_SIGN_ENTITLEMENTS = Resolute/Resolute.entitlements;
				CODE_SIGN_STYLE = Automatic;
				COMBINE_HIDPI_IMAGES = YES;
				CURRENT_PROJECT_VERSION = 1;
				DEVELOPMENT_ASSET_PATHS = "\"Resolute/Preview Content\"";
				DEVELOPMENT_TEAM = J8YJLAG3D5;
				ENABLE_HARDENED_RUNTIME = YES;
				ENABLE_PREVIEWS = YES;
				GENERATE_INFOPLIST_FILE = YES;
				INFOPLIST_KEY_NSHumanReadableCopyright = "";
				LD_RUNPATH_SEARCH_PATHS = (
					"$(inherited)",
					"@executable_path/../Frameworks",
				);
				MARKETING_VERSION = 1.0;
				PRODUCT_BUNDLE_IDENTIFIER = net.waiata.Resolute;
				PRODUCT_NAME = "$(TARGET_NAME)";
				SWIFT_EMIT_LOC_STRINGS = YES;
				SWIFT_VERSION = 5.0;
			};
			name = Debug;
		};
		081BAA582B8E10DD00EAC134 /* Release */ = {
			isa = XCBuildConfiguration;
			buildSettings = {
				ASSETCATALOG_COMPILER_APPICON_NAME = AppIcon;
				ASSETCATALOG_COMPILER_GLOBAL_ACCENT_COLOR_NAME = AccentColor;
				CODE_SIGN_ENTITLEMENTS = Resolute/Resolute.entitlements;
				CODE_SIGN_STYLE = Automatic;
				COMBINE_HIDPI_IMAGES = YES;
				CURRENT_PROJECT_VERSION = 1;
				DEVELOPMENT_ASSET_PATHS = "\"Resolute/Preview Content\"";
				DEVELOPMENT_TEAM = J8YJLAG3D5;
				ENABLE_HARDENED_RUNTIME = YES;
				ENABLE_PREVIEWS = YES;
				GENERATE_INFOPLIST_FILE = YES;
				INFOPLIST_KEY_NSHumanReadableCopyright = "";
				LD_RUNPATH_SEARCH_PATHS = (
					"$(inherited)",
					"@executable_path/../Frameworks",
				);
				MARKETING_VERSION = 1.0;
				PRODUCT_BUNDLE_IDENTIFIER = net.waiata.Resolute;
				PRODUCT_NAME = "$(TARGET_NAME)";
				SWIFT_EMIT_LOC_STRINGS = YES;
				SWIFT_VERSION = 5.0;
			};
			name = Release;
		};
/* End XCBuildConfiguration section */

/* Begin XCConfigurationList section */
		081BAA422B8E10DC00EAC134 /* Build configuration list for PBXProject "Resolute" */ = {
			isa = XCConfigurationList;
			buildConfigurations = (
				081BAA542B8E10DD00EAC134 /* Debug */,
				081BAA552B8E10DD00EAC134 /* Release */,
			);
			defaultConfigurationIsVisible = 0;
			defaultConfigurationName = Release;
		};
		081BAA562B8E10DD00EAC134 /* Build configuration list for PBXNativeTarget "Resolute" */ = {
			isa = XCConfigurationList;
			buildConfigurations = (
				081BAA572B8E10DD00EAC134 /* Debug */,
				081BAA582B8E10DD00EAC134 /* Release */,
			);
			defaultConfigurationIsVisible = 0;
			defaultConfigurationName = Release;
		};
/* End XCConfigurationList section */
	};
	rootObject = 081BAA3F2B8E10DC00EAC134 /* Project object */;
}
